{
  "lockfile-version": 1,
  "manifest": {
    "version": 1,
    "install": {
      "gum": {
        "pkg-path": "gum"
      },
      "nodejs": {
        "pkg-path": "nodejs"
      },
      "postgresql": {
        "pkg-path": "postgresql"
      }
    },
    "vars": {
      "PGDATABASE": "mydb",
      "PGHOSTADDR": "127.0.0.1",
      "PGPASSWORD": "password",
      "PGPORT": "9001",
      "PGUSER": "myuser"
    },
    "hook": {
      "on-activate": "  # Autogenerated by Flox\n\n  # Install nodejs dependencies\n  pnpm install\n\n  # End autogenerated by Flox\n\nexport PGDIR=\"$FLOX_ENV_CACHE/postgres\"\nexport PGDATA=$PGDIR/data\nexport PGHOST=$PGDIR/run\nexport PGCONFIGFILE=\"$PGDIR/postgresql.conf\"\nexport LOG_PATH=$PGHOST/LOG\nexport SESSION_SECRET=\"$USER-session-secret\"\n\nif [[ ! -d \"$PGHOST\" ]]; then\n  mkdir -p \"$PGHOST\"\nfi\n\nif [[ ! -d \"$PGDATA\" ]]; then\n  mkdir -p \"$PGDATA\"\n  pg_initdb() {\n    initdb \"$PGDATA\" \\\n      --locale=C \\\n      --encoding=UTF8 \\\n      -A md5 \\\n      --auth=trust \\\n      --username $PGUSER \\\n      --pwfile=<(echo $PGPASSWORD)\n  }\n  export -f pg_initdb  # This is needed for gum to be able to call function\n  pg_initdb\n  echo \"✅ Initialize PostgreSQL ($PGDATA)\"\n\nfi\n\n\n#\nif [[ ! -f \"$PGCONFIGFILE\" ]]; then\n  tee -a $PGCONFIGFILE > /dev/null << EOF\nlisten_addresses = '$PGHOSTADDR';\nport = '$PGPORT';\nunix_socket_directories = '$PGHOST';\nunix_socket_permissions = '0700';\nEOF\n  echo \"✅ Configure PostgreSQL ($PGCONFIGFILE)\"\nfi\n\npg_ctl -D \"$PGDATA\" -w start -o \"-c unix_socket_directories=$PGHOST -c listen_addresses=$PGHOSTADDR -p $PGPORT\" > /dev/null\nif psql -lqt | cut -d \\| -f 1 | grep -qw $PGDATABASE; then\n  echo \"✅ Database '$PGDATABASE' already exists\"\nelse\n  createdb\n  echo \"✅ Database '$PGDATABASE' created\"\nfi\npg_ctl -D \"$PGDATA\" -m fast -w stop > /dev/null\n\n\n\nexport DATABASE_URL=\"postgresql://$PGUSER:$PGPASSWORD@$PGHOSTADDR:$PGPORT/$PGDATABASE\"\n\ngum style --border double --margin \"1 2\" --padding \"1 4\" \\\n  'Start PostgreSQL in the background:' \\\n  '  👉 flox services start' \\\n  '  👉 flox activate --start-services' '' \\\n  'Try to connect to PostgreSQL:' \\\n  '  👉 psql' '' \\\n  'Connection information:' \\\n  \"  listen_addresses=$PGHOSTADDR\" \\\n  \"  port=$PGPORT\"\n "
    },
    "profile": {},
    "options": {},
    "services": {
      "database": {
        "command": "postgres -D $PGDATA -c unix_socket_directories=$PGHOST -c listen_addresses=$PGHOSTADDR -p $PGPORT"
      }
    }
  },
  "packages": [
    {
      "attr_path": "gum",
      "broken": false,
      "derivation": "/nix/store/imi7m5amhp6bb8gd8l4yyw8idcl6mlmv-gum-0.17.0.drv",
      "description": "Tasty Bubble Gum for your shell",
      "install_id": "gum",
      "license": "MIT",
      "locked_url": "https://github.com/flox/nixpkgs?rev=7df7ff7d8e00218376575f0acdcc5d66741351ee",
      "name": "gum-0.17.0",
      "pname": "gum",
      "rev": "7df7ff7d8e00218376575f0acdcc5d66741351ee",
      "rev_count": 870157,
      "rev_date": "2025-10-02T04:57:58Z",
      "scrape_date": "2025-10-03T04:40:09.827538Z",
      "stabilities": [
        "staging",
        "unstable"
      ],
      "unfree": false,
      "version": "0.17.0",
      "outputs_to_install": [
        "out"
      ],
      "outputs": {
        "out": "/nix/store/6acx1nn0f2i5v6dkdzaap2hdngkp1lpz-gum-0.17.0"
      },
      "system": "aarch64-darwin",
      "group": "toplevel",
      "priority": 5
    },
    {
      "attr_path": "gum",
      "broken": false,
      "derivation": "/nix/store/lgcbznw1fplk862nm4clixlh5bfl1nis-gum-0.17.0.drv",
      "description": "Tasty Bubble Gum for your shell",
      "install_id": "gum",
      "license": "MIT",
      "locked_url": "https://github.com/flox/nixpkgs?rev=7df7ff7d8e00218376575f0acdcc5d66741351ee",
      "name": "gum-0.17.0",
      "pname": "gum",
      "rev": "7df7ff7d8e00218376575f0acdcc5d66741351ee",
      "rev_count": 870157,
      "rev_date": "2025-10-02T04:57:58Z",
      "scrape_date": "2025-10-03T04:56:40.337138Z",
      "stabilities": [
        "staging",
        "unstable"
      ],
      "unfree": false,
      "version": "0.17.0",
      "outputs_to_install": [
        "out"
      ],
      "outputs": {
        "out": "/nix/store/caisq1py34nrn7q3lx4sswkm0zlpdr4n-gum-0.17.0"
      },
      "system": "aarch64-linux",
      "group": "toplevel",
      "priority": 5
    },
    {
      "attr_path": "gum",
      "broken": false,
      "derivation": "/nix/store/z4q9ficrgmn0jw9x9pqdq93c3h7nadx6-gum-0.17.0.drv",
      "description": "Tasty Bubble Gum for your shell",
      "install_id": "gum",
      "license": "MIT",
      "locked_url": "https://github.com/flox/nixpkgs?rev=7df7ff7d8e00218376575f0acdcc5d66741351ee",
      "name": "gum-0.17.0",
      "pname": "gum",
      "rev": "7df7ff7d8e00218376575f0acdcc5d66741351ee",
      "rev_count": 870157,
      "rev_date": "2025-10-02T04:57:58Z",
      "scrape_date": "2025-10-03T05:12:16.520780Z",
      "stabilities": [
        "staging",
        "unstable"
      ],
      "unfree": false,
      "version": "0.17.0",
      "outputs_to_install": [
        "out"
      ],
      "outputs": {
        "out": "/nix/store/w467h914divp2k8qyk5x14hci2jm7ww6-gum-0.17.0"
      },
      "system": "x86_64-darwin",
      "group": "toplevel",
      "priority": 5
    },
    {
      "attr_path": "gum",
      "broken": false,
      "derivation": "/nix/store/5ahgs180xmd8cnc7ryv5bljwzpl43arn-gum-0.17.0.drv",
      "description": "Tasty Bubble Gum for your shell",
      "install_id": "gum",
      "license": "MIT",
      "locked_url": "https://github.com/flox/nixpkgs?rev=7df7ff7d8e00218376575f0acdcc5d66741351ee",
      "name": "gum-0.17.0",
      "pname": "gum",
      "rev": "7df7ff7d8e00218376575f0acdcc5d66741351ee",
      "rev_count": 870157,
      "rev_date": "2025-10-02T04:57:58Z",
      "scrape_date": "2025-10-03T05:27:34.026582Z",
      "stabilities": [
        "staging",
        "unstable"
      ],
      "unfree": false,
      "version": "0.17.0",
      "outputs_to_install": [
        "out"
      ],
      "outputs": {
        "out": "/nix/store/jbjrj4hbf2bgdvr6vl4dalwn31s669p4-gum-0.17.0"
      },
      "system": "x86_64-linux",
      "group": "toplevel",
      "priority": 5
    },
    {
      "attr_path": "nodejs",
      "broken": false,
      "derivation": "/nix/store/dp91748q5jcc0xfchfzyd374vlkm6zj6-nodejs-22.19.0.drv",
      "description": "Event-driven I/O framework for the V8 JavaScript engine",
      "install_id": "nodejs",
      "license": "MIT",
      "locked_url": "https://github.com/flox/nixpkgs?rev=7df7ff7d8e00218376575f0acdcc5d66741351ee",
      "name": "nodejs-22.19.0",
      "pname": "nodejs",
      "rev": "7df7ff7d8e00218376575f0acdcc5d66741351ee",
      "rev_count": 870157,
      "rev_date": "2025-10-02T04:57:58Z",
      "scrape_date": "2025-10-03T04:40:31.894251Z",
      "stabilities": [
        "staging",
        "unstable"
      ],
      "unfree": false,
      "version": "22.19.0",
      "outputs_to_install": [
        "out"
      ],
      "outputs": {
        "dev": "/nix/store/2haz1qvxgshwfnf34ds3ldhrw1fr19xl-nodejs-22.19.0-dev",
        "libv8": "/nix/store/9c8wh022ri1w080xykya778gkj9y23q0-nodejs-22.19.0-libv8",
        "out": "/nix/store/3scj3c1qxh5iclf8jy5hbl9pki40y77n-nodejs-22.19.0"
      },
      "system": "aarch64-darwin",
      "group": "toplevel",
      "priority": 5
    },
    {
      "attr_path": "nodejs",
      "broken": false,
      "derivation": "/nix/store/kxdvf1r44bkyfgbj20faxkqgdcpg5cx3-nodejs-22.19.0.drv",
      "description": "Event-driven I/O framework for the V8 JavaScript engine",
      "install_id": "nodejs",
      "license": "MIT",
      "locked_url": "https://github.com/flox/nixpkgs?rev=7df7ff7d8e00218376575f0acdcc5d66741351ee",
      "name": "nodejs-22.19.0",
      "pname": "nodejs",
      "rev": "7df7ff7d8e00218376575f0acdcc5d66741351ee",
      "rev_count": 870157,
      "rev_date": "2025-10-02T04:57:58Z",
      "scrape_date": "2025-10-03T04:57:16.809670Z",
      "stabilities": [
        "staging",
        "unstable"
      ],
      "unfree": false,
      "version": "22.19.0",
      "outputs_to_install": [
        "out"
      ],
      "outputs": {
        "dev": "/nix/store/i7d7f38736nndmiawzmrx8ncyg12bzzh-nodejs-22.19.0-dev",
        "libv8": "/nix/store/vxims6ls362vhdzlzjxpwbw8vj8p5d0s-nodejs-22.19.0-libv8",
        "out": "/nix/store/13ar46sdd3qls1q4w35qv7v9a6wpj63c-nodejs-22.19.0"
      },
      "system": "aarch64-linux",
      "group": "toplevel",
      "priority": 5
    },
    {
      "attr_path": "nodejs",
      "broken": false,
      "derivation": "/nix/store/6syyniknawdszishm6kg07bhld5rn6l0-nodejs-22.19.0.drv",
      "description": "Event-driven I/O framework for the V8 JavaScript engine",
      "install_id": "nodejs",
      "license": "MIT",
      "locked_url": "https://github.com/flox/nixpkgs?rev=7df7ff7d8e00218376575f0acdcc5d66741351ee",
      "name": "nodejs-22.19.0",
      "pname": "nodejs",
      "rev": "7df7ff7d8e00218376575f0acdcc5d66741351ee",
      "rev_count": 870157,
      "rev_date": "2025-10-02T04:57:58Z",
      "scrape_date": "2025-10-03T05:12:37.965818Z",
      "stabilities": [
        "staging",
        "unstable"
      ],
      "unfree": false,
      "version": "22.19.0",
      "outputs_to_install": [
        "out"
      ],
      "outputs": {
        "dev": "/nix/store/z08yd37bvr4w54qmkb65d9wzyv27xgrd-nodejs-22.19.0-dev",
        "libv8": "/nix/store/vpz64ylnvx5hm8mx8vx35inhpzbnkljq-nodejs-22.19.0-libv8",
        "out": "/nix/store/xgqkmyswq6s9jbdhvx6x8ix2jkj0jbip-nodejs-22.19.0"
      },
      "system": "x86_64-darwin",
      "group": "toplevel",
      "priority": 5
    },
    {
      "attr_path": "nodejs",
      "broken": false,
      "derivation": "/nix/store/3qn3nm2ayw8wmdckxq0pzgkvbq8v67sp-nodejs-22.19.0.drv",
      "description": "Event-driven I/O framework for the V8 JavaScript engine",
      "install_id": "nodejs",
      "license": "MIT",
      "locked_url": "https://github.com/flox/nixpkgs?rev=7df7ff7d8e00218376575f0acdcc5d66741351ee",
      "name": "nodejs-22.19.0",
      "pname": "nodejs",
      "rev": "7df7ff7d8e00218376575f0acdcc5d66741351ee",
      "rev_count": 870157,
      "rev_date": "2025-10-02T04:57:58Z",
      "scrape_date": "2025-10-03T05:28:13.591944Z",
      "stabilities": [
        "staging",
        "unstable"
      ],
      "unfree": false,
      "version": "22.19.0",
      "outputs_to_install": [
        "out"
      ],
      "outputs": {
        "dev": "/nix/store/a99hiwhamgzds70gxkfnb4cm8i926356-nodejs-22.19.0-dev",
        "libv8": "/nix/store/z6bm3d1gzn39p4yxyga4q3b1spdsggy1-nodejs-22.19.0-libv8",
        "out": "/nix/store/r4557ald6zn4dzmvgh8na9vwnwzgrjgc-nodejs-22.19.0"
      },
      "system": "x86_64-linux",
      "group": "toplevel",
      "priority": 5
    },
    {
      "attr_path": "postgresql",
      "broken": false,
      "derivation": "/nix/store/9wn2wyz2z926rk0b5gkxbpyl79piasrg-postgresql-17.6.drv",
      "description": "Powerful, open source object-relational database system",
      "install_id": "postgresql",
      "license": "PostgreSQL",
      "locked_url": "https://github.com/flox/nixpkgs?rev=7df7ff7d8e00218376575f0acdcc5d66741351ee",
      "name": "postgresql-17.6",
      "pname": "postgresql",
      "rev": "7df7ff7d8e00218376575f0acdcc5d66741351ee",
      "rev_count": 870157,
      "rev_date": "2025-10-02T04:57:58Z",
      "scrape_date": "2025-10-03T04:40:47.425143Z",
      "stabilities": [
        "staging",
        "unstable"
      ],
      "unfree": false,
      "version": "17.6",
      "outputs_to_install": [
        "man",
        "out"
      ],
      "outputs": {
        "dev": "/nix/store/kdsy2qhdaj0drwv7bjlqrq8iwg7am4pm-postgresql-17.6-dev",
        "doc": "/nix/store/p598qxn9a6czkawqica9aglgpi7qk602-postgresql-17.6-doc",
        "jit": "/nix/store/hhwgaaprw190fd4lan9c1jcayni005mc-postgresql-17.6-jit",
        "lib": "/nix/store/8jvg8lb3r1r4g7fchvn71kigclgj93ss-postgresql-17.6-lib",
        "man": "/nix/store/s8fy60163fvin1rypqp49xff5vfq8pc1-postgresql-17.6-man",
        "out": "/nix/store/x8316kdj4hvr90zww4fzrh6iqbp2fwfv-postgresql-17.6",
        "plperl": "/nix/store/7i8fin94kv6bsil9yfws868kfn8dsfk5-postgresql-17.6-plperl",
        "plpython3": "/nix/store/k52nrq2chmf9bcsgdl5xdxigi43cb641-postgresql-17.6-plpython3",
        "pltcl": "/nix/store/95s1q5ybh6g7rff0sb77963rxmzl07hb-postgresql-17.6-pltcl"
      },
      "system": "aarch64-darwin",
      "group": "toplevel",
      "priority": 5
    },
    {
      "attr_path": "postgresql",
      "broken": false,
      "derivation": "/nix/store/xxjbwqzky1s22jlfbpiasjhy14v7grnc-postgresql-17.6.drv",
      "description": "Powerful, open source object-relational database system",
      "install_id": "postgresql",
      "license": "PostgreSQL",
      "locked_url": "https://github.com/flox/nixpkgs?rev=7df7ff7d8e00218376575f0acdcc5d66741351ee",
      "name": "postgresql-17.6",
      "pname": "postgresql",
      "rev": "7df7ff7d8e00218376575f0acdcc5d66741351ee",
      "rev_count": 870157,
      "rev_date": "2025-10-02T04:57:58Z",
      "scrape_date": "2025-10-03T04:57:37.876556Z",
      "stabilities": [
        "staging",
        "unstable"
      ],
      "unfree": false,
      "version": "17.6",
      "outputs_to_install": [
        "man",
        "out"
      ],
      "outputs": {
        "debug": "/nix/store/661ssr2ma5jah0ifj0ca3pjhxz8fmgv8-postgresql-17.6-debug",
        "dev": "/nix/store/w9d09r1ziky5yjdpq0fb0lkpm93db6rv-postgresql-17.6-dev",
        "doc": "/nix/store/bfgv1xi0r72hwy7sg2syz9mvrmm1iq6a-postgresql-17.6-doc",
        "jit": "/nix/store/w856mf7gc0y81jsjppm77ww9k7l04dm6-postgresql-17.6-jit",
        "lib": "/nix/store/b2l7jsirdac28nsih5y1y2i6ml7khlbh-postgresql-17.6-lib",
        "man": "/nix/store/izkz6kkch9br4rcn3jzijds6galnswmj-postgresql-17.6-man",
        "out": "/nix/store/zdmrsczynsanljim77c5fhmlgf8lnqgr-postgresql-17.6",
        "plperl": "/nix/store/89plna3bfrlihpdl6h1nif7488j4lycw-postgresql-17.6-plperl",
        "plpython3": "/nix/store/4539wyz2xpa70ihhbsfbizqj2a4nb0qi-postgresql-17.6-plpython3",
        "pltcl": "/nix/store/kbxy78mf481232li36wvfcl2749xqlb1-postgresql-17.6-pltcl"
      },
      "system": "aarch64-linux",
      "group": "toplevel",
      "priority": 5
    },
    {
      "attr_path": "postgresql",
      "broken": false,
      "derivation": "/nix/store/cr9pss9dknj9fwyxcs67rr9brdpy08b0-postgresql-17.6.drv",
      "description": "Powerful, open source object-relational database system",
      "install_id": "postgresql",
      "license": "PostgreSQL",
      "locked_url": "https://github.com/flox/nixpkgs?rev=7df7ff7d8e00218376575f0acdcc5d66741351ee",
      "name": "postgresql-17.6",
      "pname": "postgresql",
      "rev": "7df7ff7d8e00218376575f0acdcc5d66741351ee",
      "rev_count": 870157,
      "rev_date": "2025-10-02T04:57:58Z",
      "scrape_date": "2025-10-03T05:12:51.959137Z",
      "stabilities": [
        "staging",
        "unstable"
      ],
      "unfree": false,
      "version": "17.6",
      "outputs_to_install": [
        "man",
        "out"
      ],
      "outputs": {
        "dev": "/nix/store/1ln3lngxzr913r6nh3qj605x82ijc5r7-postgresql-17.6-dev",
        "doc": "/nix/store/s6gdj1jblsimi551jaw9a0ab3r6208sl-postgresql-17.6-doc",
        "jit": "/nix/store/rvjip61mh1a2llmhwgrd08hvsbcnb59j-postgresql-17.6-jit",
        "lib": "/nix/store/nigqc3d59kp0mlknain2ywd1kxzhh84a-postgresql-17.6-lib",
        "man": "/nix/store/iv7n6gfg8vfjghhsnc8szdpx8nljnwjr-postgresql-17.6-man",
        "out": "/nix/store/hfq4hh6nji29lrkd2d2h499s4rnfjvxr-postgresql-17.6",
        "plperl": "/nix/store/4ywicb8zvp2qv0wslisgh9khd3f3mq8y-postgresql-17.6-plperl",
        "plpython3": "/nix/store/fxiq5vdvb7zamdj467dn4i5jgfvwcdj3-postgresql-17.6-plpython3",
        "pltcl": "/nix/store/zixqyfqp3df8cjxrggyv24r2mn6q03q4-postgresql-17.6-pltcl"
      },
      "system": "x86_64-darwin",
      "group": "toplevel",
      "priority": 5
    },
    {
      "attr_path": "postgresql",
      "broken": false,
      "derivation": "/nix/store/ggdg2kxcv7rzj7k5z4gikb8qaj5l00l6-postgresql-17.6.drv",
      "description": "Powerful, open source object-relational database system",
      "install_id": "postgresql",
      "license": "PostgreSQL",
      "locked_url": "https://github.com/flox/nixpkgs?rev=7df7ff7d8e00218376575f0acdcc5d66741351ee",
      "name": "postgresql-17.6",
      "pname": "postgresql",
      "rev": "7df7ff7d8e00218376575f0acdcc5d66741351ee",
      "rev_count": 870157,
      "rev_date": "2025-10-02T04:57:58Z",
      "scrape_date": "2025-10-03T05:28:35.046397Z",
      "stabilities": [
        "staging",
        "unstable"
      ],
      "unfree": false,
      "version": "17.6",
      "outputs_to_install": [
        "man",
        "out"
      ],
      "outputs": {
        "debug": "/nix/store/hzkqv89nrdz00npy3r5ly7hi8iq6i9s4-postgresql-17.6-debug",
        "dev": "/nix/store/l8m7mbvqxdi9bd5apl8s49kjpnzrcv6c-postgresql-17.6-dev",
        "doc": "/nix/store/dg0cwp756r82crxmdv8vzq7d7kjzi4qi-postgresql-17.6-doc",
        "jit": "/nix/store/w6f1f7dxai435w963fzifbf14kxbv5s3-postgresql-17.6-jit",
        "lib": "/nix/store/msjxcqa4x2f52dyq10rbrbw6k0m0hi90-postgresql-17.6-lib",
        "man": "/nix/store/z2s4zb4kxh80v7npbin8pv27vjf5fc4k-postgresql-17.6-man",
        "out": "/nix/store/jq2kbdw6ljv9i47jz23pm072cfyxwpfj-postgresql-17.6",
        "plperl": "/nix/store/cq3zxs5dw2xy0hib0fpi70k4kack640z-postgresql-17.6-plperl",
        "plpython3": "/nix/store/sjb555ik5jrrk2gllpgcdmvwxhj5kv1v-postgresql-17.6-plpython3",
        "pltcl": "/nix/store/0w5sqnpakfk7qfm1yfbkwajz75pha4qj-postgresql-17.6-pltcl"
      },
      "system": "x86_64-linux",
      "group": "toplevel",
      "priority": 5
    }
  ]
}
